
Microsoft Visual Studio Solution File, Format Version 12.00
# Visual Studio 15
VisualStudioVersion = 15.0.27130.2010
MinimumVisualStudioVersion = 10.0.40219.1
Project("{8BC9CEB8-8B4A-11D0-8D11-00A0C91BC942}") = "Braille_proj", "Braille_proj\Braille_proj.vcxproj", "{C470D7C1-0C62-4D58-9B67-B22FDD3BE6AF}"
EndProject
Global
	GlobalSection(SolutionConfigurationPlatforms) = preSolution
		Debug|x64 = Debug|x64
		Debug|x86 = Debug|x86
		Release|x64 = Release|x64
		Release|x86 = Release|x86
	EndGlobalSection
	GlobalSection(ProjectConfigurationPlatforms) = postSolution
		{C470D7C1-0C62-4D58-9B67-B22FDD3BE6AF}.Debug|x64.ActiveCfg = Debug|x64
		{C470D7C1-0C62-4D58-9B67-B22FDD3BE6AF}.Debug|x64.Build.0 = Debug|x64
		{C470D7C1-0C62-4D58-9B67-B22FDD3BE6AF}.Debug|x86.ActiveCfg = Debug|Win32
		{C470D7C1-0C62-4D58-9B67-B22FDD3BE6AF}.Debug|x86.Build.0 = Debug|Win32
		{C470D7C1-0C62-4D58-9B67-B22FDD3BE6AF}.Release|x64.ActiveCfg = Release|x64
		{C470D7C1-0C62-4D58-9B67-B22FDD3BE6AF}.Release|x64.Build.0 = Release|x64
		{C470D7C1-0C62-4D58-9B67-B22FDD3BE6AF}.Release|x86.ActiveCfg = Release|Win32
		{C470D7C1-0C62-4D58-9B67-B22FDD3BE6AF}.Release|x86.Build.0 = Release|Win32
	EndGlobalSection
	GlobalSection(SolutionProperties) = preSolution
		HideSolutionNode = FALSE
	EndGlobalSection
	GlobalSection(ExtensibilityGlobals) = postSolution
		SolutionGuid = {EE4B72C2-5502-4499-AACB-748ED743F732}
	EndGlobalSection
EndGlobal
